
Microsoft Visual Studio Solution File, Format Version 12.00
# Visual Studio Version 17
VisualStudioVersion = 17.14.36221.1 d17.14
MinimumVisualStudioVersion = 10.0.40219.1
Project("{FAE04EC0-301F-11D3-BF4B-00C04F79EFBC}") = "Products", "Products.csproj", "{726DCBFE-C9B6-449F-84A8-BDF36B16FFDA}"
EndProject
Global
	GlobalSection(SolutionConfigurationPlatforms) = preSolution
		Debug|Any CPU = Debug|Any CPU
		Release|Any CPU = Release|Any CPU
	EndGlobalSection
	GlobalSection(ProjectConfigurationPlatforms) = postSolution
		{726DCBFE-C9B6-449F-84A8-BDF36B16FFDA}.Debug|Any CPU.ActiveCfg = Debug|Any CPU
		{726DCBFE-C9B6-449F-84A8-BDF36B16FFDA}.Debug|Any CPU.Build.0 = Debug|Any CPU
		{726DCBFE-C9B6-449F-84A8-BDF36B16FFDA}.Release|Any CPU.ActiveCfg = Release|Any CPU
		{726DCBFE-C9B6-449F-84A8-BDF36B16FFDA}.Release|Any CPU.Build.0 = Release|Any CPU
	EndGlobalSection
	GlobalSection(SolutionProperties) = preSolution
		HideSolutionNode = FALSE
	EndGlobalSection
	GlobalSection(ExtensibilityGlobals) = postSolution
		SolutionGuid = {36667530-A03C-4A50-BCAD-55C28CD58BD0}
	EndGlobalSection
EndGlobal
